
Microsoft Visual Studio Solution File, Format Version 12.00
# Visual Studio Version 17
VisualStudioVersion = 17.0.31903.59
MinimumVisualStudioVersion = 10.0.40219.1
Project("{2150E333-8FDC-42A3-9474-1A3956D46DE8}") = "api", "api", "{D82C56D6-B2CD-F611-9E31-04638F7EC30E}"
EndProject
Project("{FAE04EC0-301F-11D3-BF4B-00C04F79EFBC}") = "API", "api\API.csproj", "{23CA639E-DC12-48D8-AC70-F09B9898F66E}"
EndProject
Project("{2150E333-8FDC-42A3-9474-1A3956D46DE8}") = "application", "application", "{A74F262E-BDE7-D5D2-89E9-785413424D0A}"
EndProject
Project("{FAE04EC0-301F-11D3-BF4B-00C04F79EFBC}") = "Application", "application\Application.csproj", "{C9245AD8-466D-4770-BD26-66E607F5CCD6}"
EndProject
Project("{2150E333-8FDC-42A3-9474-1A3956D46DE8}") = "persistence", "persistence", "{31D0B0DA-3F70-8AAB-D4B2-B98572D1139C}"
EndProject
Project("{FAE04EC0-301F-11D3-BF4B-00C04F79EFBC}") = "Persistence", "persistence\Persistence.csproj", "{87C989AF-EBEE-4DD6-9A26-AA254E8F527C}"
EndProject
Project("{2150E333-8FDC-42A3-9474-1A3956D46DE8}") = "Domain", "Domain", "{996CEBED-A05B-5D42-3FF0-982E087A2599}"
EndProject
Project("{FAE04EC0-301F-11D3-BF4B-00C04F79EFBC}") = "Domain", "domain\Domain.csproj", "{355B5D9F-32E7-4795-BF4F-626103D295EA}"
EndProject
Global
	GlobalSection(SolutionConfigurationPlatforms) = preSolution
		Debug|Any CPU = Debug|Any CPU
		Debug|x64 = Debug|x64
		Debug|x86 = Debug|x86
		Release|Any CPU = Release|Any CPU
		Release|x64 = Release|x64
		Release|x86 = Release|x86
	EndGlobalSection
	GlobalSection(ProjectConfigurationPlatforms) = postSolution
		{23CA639E-DC12-48D8-AC70-F09B9898F66E}.Debug|Any CPU.ActiveCfg = Debug|Any CPU
		{23CA639E-DC12-48D8-AC70-F09B9898F66E}.Debug|Any CPU.Build.0 = Debug|Any CPU
		{23CA639E-DC12-48D8-AC70-F09B9898F66E}.Debug|x64.ActiveCfg = Debug|Any CPU
		{23CA639E-DC12-48D8-AC70-F09B9898F66E}.Debug|x64.Build.0 = Debug|Any CPU
		{23CA639E-DC12-48D8-AC70-F09B9898F66E}.Debug|x86.ActiveCfg = Debug|Any CPU
		{23CA639E-DC12-48D8-AC70-F09B9898F66E}.Debug|x86.Build.0 = Debug|Any CPU
		{23CA639E-DC12-48D8-AC70-F09B9898F66E}.Release|Any CPU.ActiveCfg = Release|Any CPU
		{23CA639E-DC12-48D8-AC70-F09B9898F66E}.Release|Any CPU.Build.0 = Release|Any CPU
		{23CA639E-DC12-48D8-AC70-F09B9898F66E}.Release|x64.ActiveCfg = Release|Any CPU
		{23CA639E-DC12-48D8-AC70-F09B9898F66E}.Release|x64.Build.0 = Release|Any CPU
		{23CA639E-DC12-48D8-AC70-F09B9898F66E}.Release|x86.ActiveCfg = Release|Any CPU
		{23CA639E-DC12-48D8-AC70-F09B9898F66E}.Release|x86.Build.0 = Release|Any CPU
		{C9245AD8-466D-4770-BD26-66E607F5CCD6}.Debug|Any CPU.ActiveCfg = Debug|Any CPU
		{C9245AD8-466D-4770-BD26-66E607F5CCD6}.Debug|Any CPU.Build.0 = Debug|Any CPU
		{C9245AD8-466D-4770-BD26-66E607F5CCD6}.Debug|x64.ActiveCfg = Debug|Any CPU
		{C9245AD8-466D-4770-BD26-66E607F5CCD6}.Debug|x64.Build.0 = Debug|Any CPU
		{C9245AD8-466D-4770-BD26-66E607F5CCD6}.Debug|x86.ActiveCfg = Debug|Any CPU
		{C9245AD8-466D-4770-BD26-66E607F5CCD6}.Debug|x86.Build.0 = Debug|Any CPU
		{C9245AD8-466D-4770-BD26-66E607F5CCD6}.Release|Any CPU.ActiveCfg = Release|Any CPU
		{C9245AD8-466D-4770-BD26-66E607F5CCD6}.Release|Any CPU.Build.0 = Release|Any CPU
		{C9245AD8-466D-4770-BD26-66E607F5CCD6}.Release|x64.ActiveCfg = Release|Any CPU
		{C9245AD8-466D-4770-BD26-66E607F5CCD6}.Release|x64.Build.0 = Release|Any CPU
		{C9245AD8-466D-4770-BD26-66E607F5CCD6}.Release|x86.ActiveCfg = Release|Any CPU
		{C9245AD8-466D-4770-BD26-66E607F5CCD6}.Release|x86.Build.0 = Release|Any CPU
		{87C989AF-EBEE-4DD6-9A26-AA254E8F527C}.Debug|Any CPU.ActiveCfg = Debug|Any CPU
		{87C989AF-EBEE-4DD6-9A26-AA254E8F527C}.Debug|Any CPU.Build.0 = Debug|Any CPU
		{87C989AF-EBEE-4DD6-9A26-AA254E8F527C}.Debug|x64.ActiveCfg = Debug|Any CPU
		{87C989AF-EBEE-4DD6-9A26-AA254E8F527C}.Debug|x64.Build.0 = Debug|Any CPU
		{87C989AF-EBEE-4DD6-9A26-AA254E8F527C}.Debug|x86.ActiveCfg = Debug|Any CPU
		{87C989AF-EBEE-4DD6-9A26-AA254E8F527C}.Debug|x86.Build.0 = Debug|Any CPU
		{87C989AF-EBEE-4DD6-9A26-AA254E8F527C}.Release|Any CPU.ActiveCfg = Release|Any CPU
		{87C989AF-EBEE-4DD6-9A26-AA254E8F527C}.Release|Any CPU.Build.0 = Release|Any CPU
		{87C989AF-EBEE-4DD6-9A26-AA254E8F527C}.Release|x64.ActiveCfg = Release|Any CPU
		{87C989AF-EBEE-4DD6-9A26-AA254E8F527C}.Release|x64.Build.0 = Release|Any CPU
		{87C989AF-EBEE-4DD6-9A26-AA254E8F527C}.Release|x86.ActiveCfg = Release|Any CPU
		{87C989AF-EBEE-4DD6-9A26-AA254E8F527C}.Release|x86.Build.0 = Release|Any CPU
		{355B5D9F-32E7-4795-BF4F-626103D295EA}.Debug|Any CPU.ActiveCfg = Debug|Any CPU
		{355B5D9F-32E7-4795-BF4F-626103D295EA}.Debug|Any CPU.Build.0 = Debug|Any CPU
		{355B5D9F-32E7-4795-BF4F-626103D295EA}.Debug|x64.ActiveCfg = Debug|Any CPU
		{355B5D9F-32E7-4795-BF4F-626103D295EA}.Debug|x64.Build.0 = Debug|Any CPU
		{355B5D9F-32E7-4795-BF4F-626103D295EA}.Debug|x86.ActiveCfg = Debug|Any CPU
		{355B5D9F-32E7-4795-BF4F-626103D295EA}.Debug|x86.Build.0 = Debug|Any CPU
		{355B5D9F-32E7-4795-BF4F-626103D295EA}.Release|Any CPU.ActiveCfg = Release|Any CPU
		{355B5D9F-32E7-4795-BF4F-626103D295EA}.Release|Any CPU.Build.0 = Release|Any CPU
		{355B5D9F-32E7-4795-BF4F-626103D295EA}.Release|x64.ActiveCfg = Release|Any CPU
		{355B5D9F-32E7-4795-BF4F-626103D295EA}.Release|x64.Build.0 = Release|Any CPU
		{355B5D9F-32E7-4795-BF4F-626103D295EA}.Release|x86.ActiveCfg = Release|Any CPU
		{355B5D9F-32E7-4795-BF4F-626103D295EA}.Release|x86.Build.0 = Release|Any CPU
	EndGlobalSection
	GlobalSection(SolutionProperties) = preSolution
		HideSolutionNode = FALSE
	EndGlobalSection
	GlobalSection(NestedProjects) = preSolution
		{23CA639E-DC12-48D8-AC70-F09B9898F66E} = {D82C56D6-B2CD-F611-9E31-04638F7EC30E}
		{C9245AD8-466D-4770-BD26-66E607F5CCD6} = {A74F262E-BDE7-D5D2-89E9-785413424D0A}
		{87C989AF-EBEE-4DD6-9A26-AA254E8F527C} = {31D0B0DA-3F70-8AAB-D4B2-B98572D1139C}
		{355B5D9F-32E7-4795-BF4F-626103D295EA} = {996CEBED-A05B-5D42-3FF0-982E087A2599}
	EndGlobalSection
EndGlobal
